// !$*UTF8*$!
{
	archiveVersion = 1;
	classes = {
	};
	objectVersion = 56;
	objects = {

/* Begin PBXBuildFile section */
		16C0E3D62AD2CA8200BF143D /* AppDelegate.swift in Sources */ = {isa = PBXBuildFile; fileRef = 16C0E3D52AD2CA8200BF143D /* AppDelegate.swift */; };
		16C0E3D82AD2CA8200BF143D /* SceneDelegate.swift in Sources */ = {isa = PBXBuildFile; fileRef = 16C0E3D72AD2CA8200BF143D /* SceneDelegate.swift */; };
		16C0E3DA2AD2CA8200BF143D /* MainViewController.swift in Sources */ = {isa = PBXBuildFile; fileRef = 16C0E3D92AD2CA8200BF143D /* MainViewController.swift */; };
		16C0E3DF2AD2CA8400BF143D /* Assets.xcassets in Resources */ = {isa = PBXBuildFile; fileRef = 16C0E3DE2AD2CA8400BF143D /* Assets.xcassets */; };
		16C0E3E22AD2CA8400BF143D /* LaunchScreen.storyboard in Resources */ = {isa = PBXBuildFile; fileRef = 16C0E3E02AD2CA8400BF143D /* LaunchScreen.storyboard */; };
		16C0E3F92AD2DAFE00BF143D /* SnapKit in Frameworks */ = {isa = PBXBuildFile; productRef = 16C0E3F82AD2DAFE00BF143D /* SnapKit */; };
		16C0E3FB2AD2DAFE00BF143D /* SnapKit-Dynamic in Frameworks */ = {isa = PBXBuildFile; productRef = 16C0E3FA2AD2DAFE00BF143D /* SnapKit-Dynamic */; };
		16C0E3FD2AD2DBCA00BF143D /* MainViewController + UITableView.swift in Sources */ = {isa = PBXBuildFile; fileRef = 16C0E3FC2AD2DBCA00BF143D /* MainViewController + UITableView.swift */; };
		16C0E4032AD4681E00BF143D /* PostsCell.swift in Sources */ = {isa = PBXBuildFile; fileRef = 16C0E4022AD4681E00BF143D /* PostsCell.swift */; };
		16C0E4142AD51DDA00BF143D /* PostManager.swift in Sources */ = {isa = PBXBuildFile; fileRef = 16C0E4132AD51DDA00BF143D /* PostManager.swift */; };
		16C0E4162AD521F300BF143D /* Post.swift in Sources */ = {isa = PBXBuildFile; fileRef = 16C0E4152AD521F300BF143D /* Post.swift */; };
		16C0E4182AD5297E00BF143D /* MainViewController + PostManagerDelegate.swift in Sources */ = {isa = PBXBuildFile; fileRef = 16C0E4172AD5297E00BF143D /* MainViewController + PostManagerDelegate.swift */; };
/* End PBXBuildFile section */

/* Begin PBXFileReference section */
		16C0E3D22AD2CA8200BF143D /* TestTask_Olcha.app */ = {isa = PBXFileReference; explicitFileType = wrapper.application; includeInIndex = 0; path = TestTask_Olcha.app; sourceTree = BUILT_PRODUCTS_DIR; };
		16C0E3D52AD2CA8200BF143D /* AppDelegate.swift */ = {isa = PBXFileReference; lastKnownFileType = sourcecode.swift; path = AppDelegate.swift; sourceTree = "<group>"; };
		16C0E3D72AD2CA8200BF143D /* SceneDelegate.swift */ = {isa = PBXFileReference; lastKnownFileType = sourcecode.swift; path = SceneDelegate.swift; sourceTree = "<group>"; };
		16C0E3D92AD2CA8200BF143D /* MainViewController.swift */ = {isa = PBXFileReference; lastKnownFileType = sourcecode.swift; path = MainViewController.swift; sourceTree = "<group>"; };
		16C0E3DE2AD2CA8400BF143D /* Assets.xcassets */ = {isa = PBXFileReference; lastKnownFileType = folder.assetcatalog; path = Assets.xcassets; sourceTree = "<group>"; };
		16C0E3E12AD2CA8400BF143D /* Base */ = {isa = PBXFileReference; lastKnownFileType = file.storyboard; name = Base; path = Base.lproj/LaunchScreen.storyboard; sourceTree = "<group>"; };
		16C0E3E32AD2CA8400BF143D /* Info.plist */ = {isa = PBXFileReference; lastKnownFileType = text.plist.xml; path = Info.plist; sourceTree = "<group>"; };
		16C0E3FC2AD2DBCA00BF143D /* MainViewController + UITableView.swift */ = {isa = PBXFileReference; lastKnownFileType = sourcecode.swift; path = "MainViewController + UITableView.swift"; sourceTree = "<group>"; };
		16C0E4022AD4681E00BF143D /* PostsCell.swift */ = {isa = PBXFileReference; lastKnownFileType = sourcecode.swift; path = PostsCell.swift; sourceTree = "<group>"; };
		16C0E4132AD51DDA00BF143D /* PostManager.swift */ = {isa = PBXFileReference; lastKnownFileType = sourcecode.swift; path = PostManager.swift; sourceTree = "<group>"; };
		16C0E4152AD521F300BF143D /* Post.swift */ = {isa = PBXFileReference; lastKnownFileType = sourcecode.swift; path = Post.swift; sourceTree = "<group>"; };
		16C0E4172AD5297E00BF143D /* MainViewController + PostManagerDelegate.swift */ = {isa = PBXFileReference; lastKnownFileType = sourcecode.swift; path = "MainViewController + PostManagerDelegate.swift"; sourceTree = "<group>"; };
/* End PBXFileReference section */

/* Begin PBXFrameworksBuildPhase section */
		16C0E3CF2AD2CA8200BF143D /* Frameworks */ = {
			isa = PBXFrameworksBuildPhase;
			buildActionMask = 2147483647;
			files = (
				16C0E3F92AD2DAFE00BF143D /* SnapKit in Frameworks */,
				16C0E3FB2AD2DAFE00BF143D /* SnapKit-Dynamic in Frameworks */,
			);
			runOnlyForDeploymentPostprocessing = 0;
		};
/* End PBXFrameworksBuildPhase section */

/* Begin PBXGroup section */
		16C0E3C92AD2CA8200BF143D = {
			isa = PBXGroup;
			children = (
				16C0E3D42AD2CA8200BF143D /* TestTask_Olcha */,
				16C0E3D32AD2CA8200BF143D /* Products */,
			);
			sourceTree = "<group>";
		};
		16C0E3D32AD2CA8200BF143D /* Products */ = {
			isa = PBXGroup;
			children = (
				16C0E3D22AD2CA8200BF143D /* TestTask_Olcha.app */,
			);
			name = Products;
			sourceTree = "<group>";
		};
		16C0E3D42AD2CA8200BF143D /* TestTask_Olcha */ = {
			isa = PBXGroup;
			children = (
				16C0E3EF2AD2D7C300BF143D /* App */,
				16C0E3F02AD2D7CC00BF143D /* CustomTabBar */,
				16C0E3F12AD2D7DD00BF143D /* MainScreen */,
				16C0E3F22AD2D81100BF143D /* LaunchScreen */,
				16C0E3EE2AD2D7B400BF143D /* Resources */,
				16C0E3E32AD2CA8400BF143D /* Info.plist */,
			);
			path = TestTask_Olcha;
			sourceTree = "<group>";
		};
		16C0E3EE2AD2D7B400BF143D /* Resources */ = {
			isa = PBXGroup;
			children = (
				16C0E3DE2AD2CA8400BF143D /* Assets.xcassets */,
			);
			path = Resources;
			sourceTree = "<group>";
		};
		16C0E3EF2AD2D7C300BF143D /* App */ = {
			isa = PBXGroup;
			children = (
				16C0E3D52AD2CA8200BF143D /* AppDelegate.swift */,
				16C0E3D72AD2CA8200BF143D /* SceneDelegate.swift */,
			);
			path = App;
			sourceTree = "<group>";
		};
		16C0E3F02AD2D7CC00BF143D /* CustomTabBar */ = {
			isa = PBXGroup;
			children = (
			);
			path = CustomTabBar;
			sourceTree = "<group>";
		};
		16C0E3F12AD2D7DD00BF143D /* MainScreen */ = {
			isa = PBXGroup;
			children = (
				16C0E4042AD46D2B00BF143D /* Model */,
				16C0E3F42AD2D89C00BF143D /* Controller */,
				16C0E3F52AD2D8A600BF143D /* View */,
				16C0E3F62AD2DA2A00BF143D /* Extensions */,
			);
			path = MainScreen;
			sourceTree = "<group>";
		};
		16C0E3F22AD2D81100BF143D /* LaunchScreen */ = {
			isa = PBXGroup;
			children = (
				16C0E3E02AD2CA8400BF143D /* LaunchScreen.storyboard */,
			);
			path = LaunchScreen;
			sourceTree = "<group>";
		};
		16C0E3F42AD2D89C00BF143D /* Controller */ = {
			isa = PBXGroup;
			children = (
				16C0E3D92AD2CA8200BF143D /* MainViewController.swift */,
			);
			path = Controller;
			sourceTree = "<group>";
		};
		16C0E3F52AD2D8A600BF143D /* View */ = {
			isa = PBXGroup;
			children = (
				16C0E4012AD467FC00BF143D /* Cells */,
			);
			path = View;
			sourceTree = "<group>";
		};
		16C0E3F62AD2DA2A00BF143D /* Extensions */ = {
			isa = PBXGroup;
			children = (
				16C0E3FC2AD2DBCA00BF143D /* MainViewController + UITableView.swift */,
				16C0E4172AD5297E00BF143D /* MainViewController + PostManagerDelegate.swift */,
			);
			path = Extensions;
			sourceTree = "<group>";
		};
		16C0E4012AD467FC00BF143D /* Cells */ = {
			isa = PBXGroup;
			children = (
				16C0E4022AD4681E00BF143D /* PostsCell.swift */,
			);
			path = Cells;
			sourceTree = "<group>";
		};
		16C0E4042AD46D2B00BF143D /* Model */ = {
			isa = PBXGroup;
			children = (
				16C0E4132AD51DDA00BF143D /* PostManager.swift */,
				16C0E4152AD521F300BF143D /* Post.swift */,
			);
			path = Model;
			sourceTree = "<group>";
		};
/* End PBXGroup section */

/* Begin PBXNativeTarget section */
		16C0E3D12AD2CA8200BF143D /* TestTask_Olcha */ = {
			isa = PBXNativeTarget;
			buildConfigurationList = 16C0E3E62AD2CA8400BF143D /* Build configuration list for PBXNativeTarget "TestTask_Olcha" */;
			buildPhases = (
				16C0E3CE2AD2CA8200BF143D /* Sources */,
				16C0E3CF2AD2CA8200BF143D /* Frameworks */,
				16C0E3D02AD2CA8200BF143D /* Resources */,
			);
			buildRules = (
			);
			dependencies = (
			);
			name = TestTask_Olcha;
			packageProductDependencies = (
				16C0E3F82AD2DAFE00BF143D /* SnapKit */,
				16C0E3FA2AD2DAFE00BF143D /* SnapKit-Dynamic */,
			);
			productName = TestTask_Olcha;
			productReference = 16C0E3D22AD2CA8200BF143D /* TestTask_Olcha.app */;
			productType = "com.apple.product-type.application";
		};
/* End PBXNativeTarget section */

/* Begin PBXProject section */
		16C0E3CA2AD2CA8200BF143D /* Project object */ = {
			isa = PBXProject;
			attributes = {
				BuildIndependentTargetsInParallel = 1;
				LastSwiftUpdateCheck = 1500;
				LastUpgradeCheck = 1500;
				TargetAttributes = {
					16C0E3D12AD2CA8200BF143D = {
						CreatedOnToolsVersion = 15.0;
					};
				};
			};
			buildConfigurationList = 16C0E3CD2AD2CA8200BF143D /* Build configuration list for PBXProject "TestTask_Olcha" */;
			compatibilityVersion = "Xcode 14.0";
			developmentRegion = en;
			hasScannedForEncodings = 0;
			knownRegions = (
				en,
				Base,
			);
			mainGroup = 16C0E3C92AD2CA8200BF143D;
			packageReferences = (
				16C0E3F72AD2DAFE00BF143D /* XCRemoteSwiftPackageReference "SnapKit" */,
			);
			productRefGroup = 16C0E3D32AD2CA8200BF143D /* Products */;
			projectDirPath = "";
			projectRoot = "";
			targets = (
				16C0E3D12AD2CA8200BF143D /* TestTask_Olcha */,
			);
		};
/* End PBXProject section */

/* Begin PBXResourcesBuildPhase section */
		16C0E3D02AD2CA8200BF143D /* Resources */ = {
			isa = PBXResourcesBuildPhase;
			buildActionMask = 2147483647;
			files = (
				16C0E3E22AD2CA8400BF143D /* LaunchScreen.storyboard in Resources */,
				16C0E3DF2AD2CA8400BF143D /* Assets.xcassets in Resources */,
			);
			runOnlyForDeploymentPostprocessing = 0;
		};
/* End PBXResourcesBuildPhase section */

/* Begin PBXSourcesBuildPhase section */
		16C0E3CE2AD2CA8200BF143D /* Sources */ = {
			isa = PBXSourcesBuildPhase;
			buildActionMask = 2147483647;
			files = (
				16C0E3DA2AD2CA8200BF143D /* MainViewController.swift in Sources */,
				16C0E3FD2AD2DBCA00BF143D /* MainViewController + UITableView.swift in Sources */,
				16C0E4162AD521F300BF143D /* Post.swift in Sources */,
				16C0E3D62AD2CA8200BF143D /* AppDelegate.swift in Sources */,
				16C0E4182AD5297E00BF143D /* MainViewController + PostManagerDelegate.swift in Sources */,
				16C0E4142AD51DDA00BF143D /* PostManager.swift in Sources */,
				16C0E4032AD4681E00BF143D /* PostsCell.swift in Sources */,
				16C0E3D82AD2CA8200BF143D /* SceneDelegate.swift in Sources */,
			);
			runOnlyForDeploymentPostprocessing = 0;
		};
/* End PBXSourcesBuildPhase section */

/* Begin PBXVariantGroup section */
		16C0E3E02AD2CA8400BF143D /* LaunchScreen.storyboard */ = {
			isa = PBXVariantGroup;
			children = (
				16C0E3E12AD2CA8400BF143D /* Base */,
			);
			name = LaunchScreen.storyboard;
			sourceTree = "<group>";
		};
/* End PBXVariantGroup section */

/* Begin XCBuildConfiguration section */
		16C0E3E42AD2CA8400BF143D /* Debug */ = {
			isa = XCBuildConfiguration;
			buildSettings = {
				ALWAYS_SEARCH_USER_PATHS = NO;
				ASSETCATALOG_COMPILER_GENERATE_SWIFT_ASSET_SYMBOL_EXTENSIONS = YES;
				CLANG_ANALYZER_NONNULL = YES;
				CLANG_ANALYZER_NUMBER_OBJECT_CONVERSION = YES_AGGRESSIVE;
				CLANG_CXX_LANGUAGE_STANDARD = "gnu++20";
				CLANG_ENABLE_MODULES = YES;
				CLANG_ENABLE_OBJC_ARC = YES;
				CLANG_ENABLE_OBJC_WEAK = YES;
				CLANG_WARN_BLOCK_CAPTURE_AUTORELEASING = YES;
				CLANG_WARN_BOOL_CONVERSION = YES;
				CLANG_WARN_COMMA = YES;
				CLANG_WARN_CONSTANT_CONVERSION = YES;
				CLANG_WARN_DEPRECATED_OBJC_IMPLEMENTATIONS = YES;
				CLANG_WARN_DIRECT_OBJC_ISA_USAGE = YES_ERROR;
				CLANG_WARN_DOCUMENTATION_COMMENTS = YES;
				CLANG_WARN_EMPTY_BODY = YES;
				CLANG_WARN_ENUM_CONVERSION = YES;
				CLANG_WARN_INFINITE_RECURSION = YES;
				CLANG_WARN_INT_CONVERSION = YES;
				CLANG_WARN_NON_LITERAL_NULL_CONVERSION = YES;
				CLANG_WARN_OBJC_IMPLICIT_RETAIN_SELF = YES;
				CLANG_WARN_OBJC_LITERAL_CONVERSION = YES;
				CLANG_WARN_OBJC_ROOT_CLASS = YES_ERROR;
				CLANG_WARN_QUOTED_INCLUDE_IN_FRAMEWORK_HEADER = YES;
				CLANG_WARN_RANGE_LOOP_ANALYSIS = YES;
				CLANG_WARN_STRICT_PROTOTYPES = YES;
				CLANG_WARN_SUSPICIOUS_MOVE = YES;
				CLANG_WARN_UNGUARDED_AVAILABILITY = YES_AGGRESSIVE;
				CLANG_WARN_UNREACHABLE_CODE = YES;
				CLANG_WARN__DUPLICATE_METHOD_MATCH = YES;
				COPY_PHASE_STRIP = NO;
				DEBUG_INFORMATION_FORMAT = dwarf;
				ENABLE_STRICT_OBJC_MSGSEND = YES;
				ENABLE_TESTABILITY = YES;
				ENABLE_USER_SCRIPT_SANDBOXING = YES;
				GCC_C_LANGUAGE_STANDARD = gnu17;
				GCC_DYNAMIC_NO_PIC = NO;
				GCC_NO_COMMON_BLOCKS = YES;
				GCC_OPTIMIZATION_LEVEL = 0;
				GCC_PREPROCESSOR_DEFINITIONS = (
					"DEBUG=1",
					"$(inherited)",
				);
				GCC_WARN_64_TO_32_BIT_CONVERSION = YES;
				GCC_WARN_ABOUT_RETURN_TYPE = YES_ERROR;
				GCC_WARN_UNDECLARED_SELECTOR = YES;
				GCC_WARN_UNINITIALIZED_AUTOS = YES_AGGRESSIVE;
				GCC_WARN_UNUSED_FUNCTION = YES;
				GCC_WARN_UNUSED_VARIABLE = YES;
				IPHONEOS_DEPLOYMENT_TARGET = 17.0;
				LOCALIZATION_PREFERS_STRING_CATALOGS = YES;
				MTL_ENABLE_DEBUG_INFO = INCLUDE_SOURCE;
				MTL_FAST_MATH = YES;
				ONLY_ACTIVE_ARCH = YES;
				SDKROOT = iphoneos;
				SWIFT_ACTIVE_COMPILATION_CONDITIONS = "DEBUG $(inherited)";
				SWIFT_OPTIMIZATION_LEVEL = "-Onone";
			};
			name = Debug;
		};
		16C0E3E52AD2CA8400BF143D /* Release */ = {
			isa = XCBuildConfiguration;
			buildSettings = {
				ALWAYS_SEARCH_USER_PATHS = NO;
				ASSETCATALOG_COMPILER_GENERATE_SWIFT_ASSET_SYMBOL_EXTENSIONS = YES;
				CLANG_ANALYZER_NONNULL = YES;
				CLANG_ANALYZER_NUMBER_OBJECT_CONVERSION = YES_AGGRESSIVE;
				CLANG_CXX_LANGUAGE_STANDARD = "gnu++20";
				CLANG_ENABLE_MODULES = YES;
				CLANG_ENABLE_OBJC_ARC = YES;
				CLANG_ENABLE_OBJC_WEAK = YES;
				CLANG_WARN_BLOCK_CAPTURE_AUTORELEASING = YES;
				CLANG_WARN_BOOL_CONVERSION = YES;
				CLANG_WARN_COMMA = YES;
				CLANG_WARN_CONSTANT_CONVERSION = YES;
				CLANG_WARN_DEPRECATED_OBJC_IMPLEMENTATIONS = YES;
				CLANG_WARN_DIRECT_OBJC_ISA_USAGE = YES_ERROR;
				CLANG_WARN_DOCUMENTATION_COMMENTS = YES;
				CLANG_WARN_EMPTY_BODY = YES;
				CLANG_WARN_ENUM_CONVERSION = YES;
				CLANG_WARN_INFINITE_RECURSION = YES;
				CLANG_WARN_INT_CONVERSION = YES;
				CLANG_WARN_NON_LITERAL_NULL_CONVERSION = YES;
				CLANG_WARN_OBJC_IMPLICIT_RETAIN_SELF = YES;
				CLANG_WARN_OBJC_LITERAL_CONVERSION = YES;
				CLANG_WARN_OBJC_ROOT_CLASS = YES_ERROR;
				CLANG_WARN_QUOTED_INCLUDE_IN_FRAMEWORK_HEADER = YES;
				CLANG_WARN_RANGE_LOOP_ANALYSIS = YES;
				CLANG_WARN_STRICT_PROTOTYPES = YES;
				CLANG_WARN_SUSPICIOUS_MOVE = YES;
				CLANG_WARN_UNGUARDED_AVAILABILITY = YES_AGGRESSIVE;
				CLANG_WARN_UNREACHABLE_CODE = YES;
				CLANG_WARN__DUPLICATE_METHOD_MATCH = YES;
				COPY_PHASE_STRIP = NO;
				DEBUG_INFORMATION_FORMAT = "dwarf-with-dsym";
				ENABLE_NS_ASSERTIONS = NO;
				ENABLE_STRICT_OBJC_MSGSEND = YES;
				ENABLE_USER_SCRIPT_SANDBOXING = YES;
				GCC_C_LANGUAGE_STANDARD = gnu17;
				GCC_NO_COMMON_BLOCKS = YES;
				GCC_WARN_64_TO_32_BIT_CONVERSION = YES;
				GCC_WARN_ABOUT_RETURN_TYPE = YES_ERROR;
				GCC_WARN_UNDECLARED_SELECTOR = YES;
				GCC_WARN_UNINITIALIZED_AUTOS = YES_AGGRESSIVE;
				GCC_WARN_UNUSED_FUNCTION = YES;
				GCC_WARN_UNUSED_VARIABLE = YES;
				IPHONEOS_DEPLOYMENT_TARGET = 17.0;
				LOCALIZATION_PREFERS_STRING_CATALOGS = YES;
				MTL_ENABLE_DEBUG_INFO = NO;
				MTL_FAST_MATH = YES;
				SDKROOT = iphoneos;
				SWIFT_COMPILATION_MODE = wholemodule;
				VALIDATE_PRODUCT = YES;
			};
			name = Release;
		};
		16C0E3E72AD2CA8400BF143D /* Debug */ = {
			isa = XCBuildConfiguration;
			buildSettings = {
				ASSETCATALOG_COMPILER_APPICON_NAME = AppIcon;
				ASSETCATALOG_COMPILER_GLOBAL_ACCENT_COLOR_NAME = AccentColor;
				CODE_SIGN_STYLE = Automatic;
				CURRENT_PROJECT_VERSION = 1;
				DEVELOPMENT_TEAM = W9HWC54SK4;
				GENERATE_INFOPLIST_FILE = YES;
				INFOPLIST_FILE = TestTask_Olcha/Info.plist;
				INFOPLIST_KEY_UIApplicationSupportsIndirectInputEvents = YES;
				INFOPLIST_KEY_UILaunchStoryboardName = LaunchScreen;
				INFOPLIST_KEY_UISupportedInterfaceOrientations_iPad = "UIInterfaceOrientationPortrait UIInterfaceOrientationPortraitUpsideDown UIInterfaceOrientationLandscapeLeft UIInterfaceOrientationLandscapeRight";
				INFOPLIST_KEY_UISupportedInterfaceOrientations_iPhone = "UIInterfaceOrientationPortrait UIInterfaceOrientationLandscapeLeft UIInterfaceOrientationLandscapeRight";
				LD_RUNPATH_SEARCH_PATHS = (
					"$(inherited)",
					"@executable_path/Frameworks",
				);
				MARKETING_VERSION = 1.0;
				PRODUCT_BUNDLE_IDENTIFIER = "com.IslamCrew.TestTask-Olcha";
				PRODUCT_NAME = "$(TARGET_NAME)";
				SWIFT_EMIT_LOC_STRINGS = YES;
				SWIFT_VERSION = 5.0;
				TARGETED_DEVICE_FAMILY = "1,2";
			};
			name = Debug;
		};
		16C0E3E82AD2CA8400BF143D /* Release */ = {
			isa = XCBuildConfiguration;
			buildSettings = {
				ASSETCATALOG_COMPILER_APPICON_NAME = AppIcon;
				ASSETCATALOG_COMPILER_GLOBAL_ACCENT_COLOR_NAME = AccentColor;
				CODE_SIGN_STYLE = Automatic;
				CURRENT_PROJECT_VERSION = 1;
				DEVELOPMENT_TEAM = W9HWC54SK4;
				GENERATE_INFOPLIST_FILE = YES;
				INFOPLIST_FILE = TestTask_Olcha/Info.plist;
				INFOPLIST_KEY_UIApplicationSupportsIndirectInputEvents = YES;
				INFOPLIST_KEY_UILaunchStoryboardName = LaunchScreen;
				INFOPLIST_KEY_UISupportedInterfaceOrientations_iPad = "UIInterfaceOrientationPortrait UIInterfaceOrientationPortraitUpsideDown UIInterfaceOrientationLandscapeLeft UIInterfaceOrientationLandscapeRight";
				INFOPLIST_KEY_UISupportedInterfaceOrientations_iPhone = "UIInterfaceOrientationPortrait UIInterfaceOrientationLandscapeLeft UIInterfaceOrientationLandscapeRight";
				LD_RUNPATH_SEARCH_PATHS = (
					"$(inherited)",
					"@executable_path/Frameworks",
				);
				MARKETING_VERSION = 1.0;
				PRODUCT_BUNDLE_IDENTIFIER = "com.IslamCrew.TestTask-Olcha";
				PRODUCT_NAME = "$(TARGET_NAME)";
				SWIFT_EMIT_LOC_STRINGS = YES;
				SWIFT_VERSION = 5.0;
				TARGETED_DEVICE_FAMILY = "1,2";
			};
			name = Release;
		};
/* End XCBuildConfiguration section */

/* Begin XCConfigurationList section */
		16C0E3CD2AD2CA8200BF143D /* Build configuration list for PBXProject "TestTask_Olcha" */ = {
			isa = XCConfigurationList;
			buildConfigurations = (
				16C0E3E42AD2CA8400BF143D /* Debug */,
				16C0E3E52AD2CA8400BF143D /* Release */,
			);
			defaultConfigurationIsVisible = 0;
			defaultConfigurationName = Release;
		};
		16C0E3E62AD2CA8400BF143D /* Build configuration list for PBXNativeTarget "TestTask_Olcha" */ = {
			isa = XCConfigurationList;
			buildConfigurations = (
				16C0E3E72AD2CA8400BF143D /* Debug */,
				16C0E3E82AD2CA8400BF143D /* Release */,
			);
			defaultConfigurationIsVisible = 0;
			defaultConfigurationName = Release;
		};
/* End XCConfigurationList section */

/* Begin XCRemoteSwiftPackageReference section */
		16C0E3F72AD2DAFE00BF143D /* XCRemoteSwiftPackageReference "SnapKit" */ = {
			isa = XCRemoteSwiftPackageReference;
			repositoryURL = "https://github.com/SnapKit/SnapKit.git";
			requirement = {
				kind = upToNextMajorVersion;
				minimumVersion = 5.6.0;
			};
		};
/* End XCRemoteSwiftPackageReference section */

/* Begin XCSwiftPackageProductDependency section */
		16C0E3F82AD2DAFE00BF143D /* SnapKit */ = {
			isa = XCSwiftPackageProductDependency;
			package = 16C0E3F72AD2DAFE00BF143D /* XCRemoteSwiftPackageReference "SnapKit" */;
			productName = SnapKit;
		};
		16C0E3FA2AD2DAFE00BF143D /* SnapKit-Dynamic */ = {
			isa = XCSwiftPackageProductDependency;
			package = 16C0E3F72AD2DAFE00BF143D /* XCRemoteSwiftPackageReference "SnapKit" */;
			productName = "SnapKit-Dynamic";
		};
/* End XCSwiftPackageProductDependency section */
	};
	rootObject = 16C0E3CA2AD2CA8200BF143D /* Project object */;
}
